{
  "name": "Ecoomerce React",
  "lockfileVersion": 2,
  "requires": true,
  "packages": {
    "": {
      "dependencies": {
        "react-router-dom": "^6.17.0"
      }
    },
    "node_modules/@remix-run/router": {
      "version": "1.10.0",
      "resolved": "https://registry.npmjs.org/@remix-run/router/-/router-1.10.0.tgz",
      "integrity": "sha512-Lm+fYpMfZoEucJ7cMxgt4dYt8jLfbpwRCzAjm9UgSLOkmlqo9gupxt6YX3DY0Fk155NT9l17d/ydi+964uS9Lw==",
      "engines": {
        "node": ">=14.0.0"
      }
    },
    "node_modules/react-router": {
      "version": "6.17.0",
      "resolved": "https://registry.npmjs.org/react-router/-/react-router-6.17.0.tgz",
      "integrity": "sha512-YJR3OTJzi3zhqeJYADHANCGPUu9J+6fT5GLv82UWRGSxu6oJYCKVmxUcaBQuGm9udpWmPsvpme/CdHumqgsoaA==",
      "dependencies": {
        "@remix-run/router": "1.10.0"
      },
      "engines": {
        "node": ">=14.0.0"
      },
      "peerDependencies": {
        "react": ">=16.8"
      }
    },
    "node_modules/react-router-dom": {
      "version": "6.17.0",
      "resolved": "https://registry.npmjs.org/react-router-dom/-/react-router-dom-6.17.0.tgz",
      "integrity": "sha512-qWHkkbXQX+6li0COUUPKAUkxjNNqPJuiBd27dVwQGDNsuFBdMbrS6UZ0CLYc4CsbdLYTckn4oB4tGDuPZpPhaQ==",
      "dependencies": {
        "@remix-run/router": "1.10.0",
        "react-router": "6.17.0"
      },
      "engines": {
        "node": ">=14.0.0"
      },
      "peerDependencies": {
        "react": ">=16.8",
        "react-dom": ">=16.8"
      }
    }
  },
  "dependencies": {
    "@remix-run/router": {
      "version": "1.10.0",
      "resolved": "https://registry.npmjs.org/@remix-run/router/-/router-1.10.0.tgz",
      "integrity": "sha512-Lm+fYpMfZoEucJ7cMxgt4dYt8jLfbpwRCzAjm9UgSLOkmlqo9gupxt6YX3DY0Fk155NT9l17d/ydi+964uS9Lw=="
    },
    "react-router": {
      "version": "6.17.0",
      "resolved": "https://registry.npmjs.org/react-router/-/react-router-6.17.0.tgz",
      "integrity": "sha512-YJR3OTJzi3zhqeJYADHANCGPUu9J+6fT5GLv82UWRGSxu6oJYCKVmxUcaBQuGm9udpWmPsvpme/CdHumqgsoaA==",
      "requires": {
        "@remix-run/router": "1.10.0"
      }
    },
    "react-router-dom": {
      "version": "6.17.0",
      "resolved": "https://registry.npmjs.org/react-router-dom/-/react-router-dom-6.17.0.tgz",
      "integrity": "sha512-qWHkkbXQX+6li0COUUPKAUkxjNNqPJuiBd27dVwQGDNsuFBdMbrS6UZ0CLYc4CsbdLYTckn4oB4tGDuPZpPhaQ==",
      "requires": {
        "@remix-run/router": "1.10.0",
        "react-router": "6.17.0"
      }
    }
  }
}
